Microsoft Visual Studio Solution File, Format Version 12.00
# Visual Studio Version 17
VisualStudioVersion = 17.5.2.0
MinimumVisualStudioVersion = 10.0.40219.1
Project("{FAE04EC0-301F-11D3-BF4B-00C04F79EFBC}") = "VKFoodAPI", "VKFoodAPI.csproj", "{BC58DA98-C366-0985-6BAD-0E508C0269F6}"
EndProject
Global
	GlobalSection(SolutionConfigurationPlatforms) = preSolution
		Debug|Any CPU = Debug|Any CPU
		Release|Any CPU = Release|Any CPU
	EndGlobalSection
	GlobalSection(ProjectConfigurationPlatforms) = postSolution
		{BC58DA98-C366-0985-6BAD-0E508C0269F6}.Debug|Any CPU.ActiveCfg = Debug|Any CPU
		{BC58DA98-C366-0985-6BAD-0E508C0269F6}.Debug|Any CPU.Build.0 = Debug|Any CPU
		{BC58DA98-C366-0985-6BAD-0E508C0269F6}.Release|Any CPU.ActiveCfg = Release|Any CPU
		{BC58DA98-C366-0985-6BAD-0E508C0269F6}.Release|Any CPU.Build.0 = Release|Any CPU
	EndGlobalSection
	GlobalSection(SolutionProperties) = preSolution
		HideSolutionNode = FALSE
	EndGlobalSection
	GlobalSection(ExtensibilityGlobals) = postSolution
		SolutionGuid = {AB2E537C-E4ED-4D95-9EF1-515506B9CF97}
	EndGlobalSection
EndGlobal
