Microsoft Visual Studio Solution File, Format Version 12.00
# Visual Studio Version 17
VisualStudioVersion = 17.5.2.0
MinimumVisualStudioVersion = 10.0.40219.1
Project("{FAE04EC0-301F-11D3-BF4B-00C04F79EFBC}") = "CTest.WebAdmin", "CTest.WebAdmin.csproj", "{BC460CCB-12A1-E859-6452-B0358012D12E}"
EndProject
Global
	GlobalSection(SolutionConfigurationPlatforms) = preSolution
		Debug|Any CPU = Debug|Any CPU
		Release|Any CPU = Release|Any CPU
	EndGlobalSection
	GlobalSection(ProjectConfigurationPlatforms) = postSolution
		{BC460CCB-12A1-E859-6452-B0358012D12E}.Debug|Any CPU.ActiveCfg = Debug|Any CPU
		{BC460CCB-12A1-E859-6452-B0358012D12E}.Debug|Any CPU.Build.0 = Debug|Any CPU
		{BC460CCB-12A1-E859-6452-B0358012D12E}.Release|Any CPU.ActiveCfg = Release|Any CPU
		{BC460CCB-12A1-E859-6452-B0358012D12E}.Release|Any CPU.Build.0 = Release|Any CPU
	EndGlobalSection
	GlobalSection(SolutionProperties) = preSolution
		HideSolutionNode = FALSE
	EndGlobalSection
	GlobalSection(ExtensibilityGlobals) = postSolution
		SolutionGuid = {AFF79201-5B7B-403E-BF9D-12597681D757}
	EndGlobalSection
EndGlobal
